
Microsoft Visual Studio Solution File, Format Version 12.00
# Visual Studio 2013
VisualStudioVersion = 12.0.30723.0
MinimumVisualStudioVersion = 10.0.40219.1
Project("{FAE04EC0-301F-11D3-BF4B-00C04F79EFBC}") = "AspNet.Identity.EntityFramework.Multitenant", "AspNet.Identity.EntityFramework.Multitenant\AspNet.Identity.EntityFramework.Multitenant.csproj", "{EC024226-3FE4-4283-BD11-44987D082295}"
EndProject
Project("{FAE04EC0-301F-11D3-BF4B-00C04F79EFBC}") = "VanillaImplementation", "Examples\VanillaImplementation\VanillaImplementation.csproj", "{FA977276-8BDB-476A-B254-CD37D4EE66D4}"
EndProject
Project("{FAE04EC0-301F-11D3-BF4B-00C04F79EFBC}") = "IntegerPkImplementation", "Examples\IntegerPkImplementation\IntegerPkImplementation.csproj", "{B8C6C2AE-C8B9-4CB3-9954-7A9EC3C00E09}"
EndProject
Global
	GlobalSection(SolutionConfigurationPlatforms) = preSolution
		Debug|Any CPU = Debug|Any CPU
		Release|Any CPU = Release|Any CPU
	EndGlobalSection
	GlobalSection(ProjectConfigurationPlatforms) = postSolution
		{EC024226-3FE4-4283-BD11-44987D082295}.Debug|Any CPU.ActiveCfg = Debug|Any CPU
		{EC024226-3FE4-4283-BD11-44987D082295}.Debug|Any CPU.Build.0 = Debug|Any CPU
		{EC024226-3FE4-4283-BD11-44987D082295}.Release|Any CPU.ActiveCfg = Release|Any CPU
		{EC024226-3FE4-4283-BD11-44987D082295}.Release|Any CPU.Build.0 = Release|Any CPU
		{FA977276-8BDB-476A-B254-CD37D4EE66D4}.Debug|Any CPU.ActiveCfg = Debug|Any CPU
		{FA977276-8BDB-476A-B254-CD37D4EE66D4}.Debug|Any CPU.Build.0 = Debug|Any CPU
		{FA977276-8BDB-476A-B254-CD37D4EE66D4}.Release|Any CPU.ActiveCfg = Release|Any CPU
		{FA977276-8BDB-476A-B254-CD37D4EE66D4}.Release|Any CPU.Build.0 = Release|Any CPU
		{B8C6C2AE-C8B9-4CB3-9954-7A9EC3C00E09}.Debug|Any CPU.ActiveCfg = Debug|Any CPU
		{B8C6C2AE-C8B9-4CB3-9954-7A9EC3C00E09}.Debug|Any CPU.Build.0 = Debug|Any CPU
		{B8C6C2AE-C8B9-4CB3-9954-7A9EC3C00E09}.Release|Any CPU.ActiveCfg = Release|Any CPU
		{B8C6C2AE-C8B9-4CB3-9954-7A9EC3C00E09}.Release|Any CPU.Build.0 = Release|Any CPU
	EndGlobalSection
	GlobalSection(SolutionProperties) = preSolution
		HideSolutionNode = FALSE
	EndGlobalSection
EndGlobal
